// !$*UTF8*$!
{
	archiveVersion = 1;
	classes = {
	};
	objectVersion = 55;
	objects = {

/* Begin PBXBuildFile section */
		D4114912286E0C909266538B /* Pods_YapChatProject.framework in Frameworks */ = {isa = PBXBuildFile; fileRef = EF1A2D233CD1B851FA2662B3 /* Pods_YapChatProject.framework */; };
		E0AD1CEE28D07BB8001B6F6C /* (null) in Embed Frameworks */ = {isa = PBXBuildFile; settings = {ATTRIBUTES = (CodeSignOnCopy, RemoveHeadersOnCopy, ); }; };
		E0AD1CF128D08D46001B6F6C /* DocumentUpload.swift in Sources */ = {isa = PBXBuildFile; fileRef = E0AD1CF028D08D46001B6F6C /* DocumentUpload.swift */; };
		E0AD305B28C142EB0046CA89 /* Chat.swift in Sources */ = {isa = PBXBuildFile; fileRef = E0AD305A28C142EB0046CA89 /* Chat.swift */; };
		E0AD305D28C1DB2E0046CA89 /* SwiftRViewController.swift in Sources */ = {isa = PBXBuildFile; fileRef = E0AD305C28C1DB2E0046CA89 /* SwiftRViewController.swift */; };
		E0EC491728BF361D001361CF /* AppDelegate.swift in Sources */ = {isa = PBXBuildFile; fileRef = E0EC491628BF361D001361CF /* AppDelegate.swift */; };
		E0EC491928BF361D001361CF /* SceneDelegate.swift in Sources */ = {isa = PBXBuildFile; fileRef = E0EC491828BF361D001361CF /* SceneDelegate.swift */; };
		E0EC491E28BF361D001361CF /* Main.storyboard in Resources */ = {isa = PBXBuildFile; fileRef = E0EC491C28BF361D001361CF /* Main.storyboard */; };
		E0EC492128BF361D001361CF /* YapChatProject.xcdatamodeld in Sources */ = {isa = PBXBuildFile; fileRef = E0EC491F28BF361D001361CF /* YapChatProject.xcdatamodeld */; };
		E0EC492328BF3620001361CF /* Assets.xcassets in Resources */ = {isa = PBXBuildFile; fileRef = E0EC492228BF3620001361CF /* Assets.xcassets */; };
		E0EC492628BF3620001361CF /* LaunchScreen.storyboard in Resources */ = {isa = PBXBuildFile; fileRef = E0EC492428BF3620001361CF /* LaunchScreen.storyboard */; };
		E0EC493028BF3786001361CF /* User.swift in Sources */ = {isa = PBXBuildFile; fileRef = E0EC492F28BF3786001361CF /* User.swift */; };
		E0EC493228BF37AD001361CF /* UserMessage.swift in Sources */ = {isa = PBXBuildFile; fileRef = E0EC493128BF37AD001361CF /* UserMessage.swift */; };
		E0EC493428BF37CB001361CF /* ServiceManager.swift in Sources */ = {isa = PBXBuildFile; fileRef = E0EC493328BF37CB001361CF /* ServiceManager.swift */; };
		E0EC493628BF37DE001361CF /* Enums.swift in Sources */ = {isa = PBXBuildFile; fileRef = E0EC493528BF37DE001361CF /* Enums.swift */; };
		E0EC493828BF37FA001361CF /* VisitorMessageDetails.swift in Sources */ = {isa = PBXBuildFile; fileRef = E0EC493728BF37FA001361CF /* VisitorMessageDetails.swift */; };
		E0FE150428D79F7F00238E2D /* HttpResponse.swift in Sources */ = {isa = PBXBuildFile; fileRef = E0FE150328D79F7F00238E2D /* HttpResponse.swift */; };
/* End PBXBuildFile section */

/* Begin PBXCopyFilesBuildPhase section */
		E0AD1CEF28D07BB8001B6F6C /* Embed Frameworks */ = {
			isa = PBXCopyFilesBuildPhase;
			buildActionMask = 2147483647;
			dstPath = "";
			dstSubfolderSpec = 10;
			files = (
				E0AD1CEE28D07BB8001B6F6C /* (null) in Embed Frameworks */,
			);
			name = "Embed Frameworks";
			runOnlyForDeploymentPostprocessing = 0;
		};
/* End PBXCopyFilesBuildPhase section */

/* Begin PBXFileReference section */
		4BC247BA93D63CE703471451 /* Pods-YapChatProject.release.xcconfig */ = {isa = PBXFileReference; includeInIndex = 1; lastKnownFileType = text.xcconfig; name = "Pods-YapChatProject.release.xcconfig"; path = "Target Support Files/Pods-YapChatProject/Pods-YapChatProject.release.xcconfig"; sourceTree = "<group>"; };
		4EF8751179DC039ADC65844E /* Pods-YapChatProject.debug.xcconfig */ = {isa = PBXFileReference; includeInIndex = 1; lastKnownFileType = text.xcconfig; name = "Pods-YapChatProject.debug.xcconfig"; path = "Target Support Files/Pods-YapChatProject/Pods-YapChatProject.debug.xcconfig"; sourceTree = "<group>"; };
		E0AD1CF028D08D46001B6F6C /* DocumentUpload.swift */ = {isa = PBXFileReference; lastKnownFileType = sourcecode.swift; path = DocumentUpload.swift; sourceTree = "<group>"; };
		E0AD1CF228D1E8E2001B6F6C /* YapChatProject.entitlements */ = {isa = PBXFileReference; lastKnownFileType = text.plist.entitlements; path = YapChatProject.entitlements; sourceTree = "<group>"; };
		E0AD305A28C142EB0046CA89 /* Chat.swift */ = {isa = PBXFileReference; lastKnownFileType = sourcecode.swift; path = Chat.swift; sourceTree = "<group>"; };
		E0AD305C28C1DB2E0046CA89 /* SwiftRViewController.swift */ = {isa = PBXFileReference; lastKnownFileType = sourcecode.swift; path = SwiftRViewController.swift; sourceTree = "<group>"; };
		E0EC491328BF361D001361CF /* YapChatProject.app */ = {isa = PBXFileReference; explicitFileType = wrapper.application; includeInIndex = 0; path = YapChatProject.app; sourceTree = BUILT_PRODUCTS_DIR; };
		E0EC491628BF361D001361CF /* AppDelegate.swift */ = {isa = PBXFileReference; lastKnownFileType = sourcecode.swift; path = AppDelegate.swift; sourceTree = "<group>"; };
		E0EC491828BF361D001361CF /* SceneDelegate.swift */ = {isa = PBXFileReference; lastKnownFileType = sourcecode.swift; path = SceneDelegate.swift; sourceTree = "<group>"; };
		E0EC491D28BF361D001361CF /* Base */ = {isa = PBXFileReference; lastKnownFileType = file.storyboard; name = Base; path = Base.lproj/Main.storyboard; sourceTree = "<group>"; };
		E0EC492028BF361D001361CF /* YapChatProject.xcdatamodel */ = {isa = PBXFileReference; lastKnownFileType = wrapper.xcdatamodel; path = YapChatProject.xcdatamodel; sourceTree = "<group>"; };
		E0EC492228BF3620001361CF /* Assets.xcassets */ = {isa = PBXFileReference; lastKnownFileType = folder.assetcatalog; path = Assets.xcassets; sourceTree = "<group>"; };
		E0EC492528BF3620001361CF /* Base */ = {isa = PBXFileReference; lastKnownFileType = file.storyboard; name = Base; path = Base.lproj/LaunchScreen.storyboard; sourceTree = "<group>"; };
		E0EC492728BF3620001361CF /* Info.plist */ = {isa = PBXFileReference; lastKnownFileType = text.plist.xml; path = Info.plist; sourceTree = "<group>"; };
		E0EC492F28BF3786001361CF /* User.swift */ = {isa = PBXFileReference; lastKnownFileType = sourcecode.swift; path = User.swift; sourceTree = "<group>"; };
		E0EC493128BF37AD001361CF /* UserMessage.swift */ = {isa = PBXFileReference; lastKnownFileType = sourcecode.swift; path = UserMessage.swift; sourceTree = "<group>"; };
		E0EC493328BF37CB001361CF /* ServiceManager.swift */ = {isa = PBXFileReference; lastKnownFileType = sourcecode.swift; path = ServiceManager.swift; sourceTree = "<group>"; };
		E0EC493528BF37DE001361CF /* Enums.swift */ = {isa = PBXFileReference; lastKnownFileType = sourcecode.swift; path = Enums.swift; sourceTree = "<group>"; };
		E0EC493728BF37FA001361CF /* VisitorMessageDetails.swift */ = {isa = PBXFileReference; fileEncoding = 4; lastKnownFileType = sourcecode.swift; path = VisitorMessageDetails.swift; sourceTree = "<group>"; };
		E0FE150328D79F7F00238E2D /* HttpResponse.swift */ = {isa = PBXFileReference; lastKnownFileType = sourcecode.swift; path = HttpResponse.swift; sourceTree = "<group>"; };
		EF1A2D233CD1B851FA2662B3 /* Pods_YapChatProject.framework */ = {isa = PBXFileReference; explicitFileType = wrapper.framework; includeInIndex = 0; path = Pods_YapChatProject.framework; sourceTree = BUILT_PRODUCTS_DIR; };
/* End PBXFileReference section */

/* Begin PBXFrameworksBuildPhase section */
		E0EC491028BF361D001361CF /* Frameworks */ = {
			isa = PBXFrameworksBuildPhase;
			buildActionMask = 2147483647;
			files = (
				D4114912286E0C909266538B /* Pods_YapChatProject.framework in Frameworks */,
			);
			runOnlyForDeploymentPostprocessing = 0;
		};
/* End PBXFrameworksBuildPhase section */

/* Begin PBXGroup section */
		3023FA5B04926DFF7EBD65CD /* Frameworks */ = {
			isa = PBXGroup;
			children = (
				EF1A2D233CD1B851FA2662B3 /* Pods_YapChatProject.framework */,
			);
			name = Frameworks;
			sourceTree = "<group>";
		};
		E0AD305928C142B80046CA89 /* Class */ = {
			isa = PBXGroup;
			children = (
				E0AD305A28C142EB0046CA89 /* Chat.swift */,
			);
			path = Class;
			sourceTree = "<group>";
		};
		E0EC490A28BF361D001361CF = {
			isa = PBXGroup;
			children = (
				E0EC491528BF361D001361CF /* YapChatProject */,
				E0EC491428BF361D001361CF /* Products */,
				F34BBE40E30C6DBE8387E548 /* Pods */,
				3023FA5B04926DFF7EBD65CD /* Frameworks */,
			);
			sourceTree = "<group>";
		};
		E0EC491428BF361D001361CF /* Products */ = {
			isa = PBXGroup;
			children = (
				E0EC491328BF361D001361CF /* YapChatProject.app */,
			);
			name = Products;
			sourceTree = "<group>";
		};
		E0EC491528BF361D001361CF /* YapChatProject */ = {
			isa = PBXGroup;
			children = (
				E0AD1CF228D1E8E2001B6F6C /* YapChatProject.entitlements */,
				E0AD305928C142B80046CA89 /* Class */,
				E0EC493B28BF39CA001361CF /* View controllers */,
				E0EC493A28BF39BA001361CF /* Model */,
				E0EC493928BF39AC001361CF /* Utilities */,
				E0EC491628BF361D001361CF /* AppDelegate.swift */,
				E0EC491828BF361D001361CF /* SceneDelegate.swift */,
				E0EC491C28BF361D001361CF /* Main.storyboard */,
				E0EC492228BF3620001361CF /* Assets.xcassets */,
				E0EC492428BF3620001361CF /* LaunchScreen.storyboard */,
				E0EC492728BF3620001361CF /* Info.plist */,
				E0EC491F28BF361D001361CF /* YapChatProject.xcdatamodeld */,
			);
			path = YapChatProject;
			sourceTree = "<group>";
		};
		E0EC493928BF39AC001361CF /* Utilities */ = {
			isa = PBXGroup;
			children = (
				E0EC493328BF37CB001361CF /* ServiceManager.swift */,
				E0EC493528BF37DE001361CF /* Enums.swift */,
				E0AD1CF028D08D46001B6F6C /* DocumentUpload.swift */,
				E0FE150328D79F7F00238E2D /* HttpResponse.swift */,
			);
			path = Utilities;
			sourceTree = "<group>";
		};
		E0EC493A28BF39BA001361CF /* Model */ = {
			isa = PBXGroup;
			children = (
				E0EC493728BF37FA001361CF /* VisitorMessageDetails.swift */,
				E0EC493128BF37AD001361CF /* UserMessage.swift */,
				E0EC492F28BF3786001361CF /* User.swift */,
			);
			path = Model;
			sourceTree = "<group>";
		};
		E0EC493B28BF39CA001361CF /* View controllers */ = {
			isa = PBXGroup;
			children = (
				E0AD305C28C1DB2E0046CA89 /* SwiftRViewController.swift */,
			);
			path = "View controllers";
			sourceTree = "<group>";
		};
		F34BBE40E30C6DBE8387E548 /* Pods */ = {
			isa = PBXGroup;
			children = (
				4EF8751179DC039ADC65844E /* Pods-YapChatProject.debug.xcconfig */,
				4BC247BA93D63CE703471451 /* Pods-YapChatProject.release.xcconfig */,
			);
			path = Pods;
			sourceTree = "<group>";
		};
/* End PBXGroup section */

/* Begin PBXNativeTarget section */
		E0EC491228BF361D001361CF /* YapChatProject */ = {
			isa = PBXNativeTarget;
			buildConfigurationList = E0EC492A28BF3620001361CF /* Build configuration list for PBXNativeTarget "YapChatProject" */;
			buildPhases = (
				4C800D0A5EDE0D0E2A6DFC7B /* [CP] Check Pods Manifest.lock */,
				E0EC490F28BF361D001361CF /* Sources */,
				E0EC491028BF361D001361CF /* Frameworks */,
				E0EC491128BF361D001361CF /* Resources */,
				E0AD1CEF28D07BB8001B6F6C /* Embed Frameworks */,
				7594071FA5DF2CF94794FCA2 /* [CP] Embed Pods Frameworks */,
			);
			buildRules = (
			);
			dependencies = (
			);
			name = YapChatProject;
			productName = YapChatProject;
			productReference = E0EC491328BF361D001361CF /* YapChatProject.app */;
			productType = "com.apple.product-type.application";
		};
/* End PBXNativeTarget section */

/* Begin PBXProject section */
		E0EC490B28BF361D001361CF /* Project object */ = {
			isa = PBXProject;
			attributes = {
				BuildIndependentTargetsInParallel = 1;
				LastSwiftUpdateCheck = 1300;
				LastUpgradeCheck = 1300;
				TargetAttributes = {
					E0EC491228BF361D001361CF = {
						CreatedOnToolsVersion = 13.0;
					};
				};
			};
			buildConfigurationList = E0EC490E28BF361D001361CF /* Build configuration list for PBXProject "YapChatProject" */;
			compatibilityVersion = "Xcode 13.0";
			developmentRegion = en;
			hasScannedForEncodings = 0;
			knownRegions = (
				en,
				Base,
			);
			mainGroup = E0EC490A28BF361D001361CF;
			productRefGroup = E0EC491428BF361D001361CF /* Products */;
			projectDirPath = "";
			projectRoot = "";
			targets = (
				E0EC491228BF361D001361CF /* YapChatProject */,
			);
		};
/* End PBXProject section */

/* Begin PBXResourcesBuildPhase section */
		E0EC491128BF361D001361CF /* Resources */ = {
			isa = PBXResourcesBuildPhase;
			buildActionMask = 2147483647;
			files = (
				E0EC492628BF3620001361CF /* LaunchScreen.storyboard in Resources */,
				E0EC492328BF3620001361CF /* Assets.xcassets in Resources */,
				E0EC491E28BF361D001361CF /* Main.storyboard in Resources */,
			);
			runOnlyForDeploymentPostprocessing = 0;
		};
/* End PBXResourcesBuildPhase section */

/* Begin PBXShellScriptBuildPhase section */
		4C800D0A5EDE0D0E2A6DFC7B /* [CP] Check Pods Manifest.lock */ = {
			isa = PBXShellScriptBuildPhase;
			buildActionMask = 2147483647;
			files = (
			);
			inputFileListPaths = (
			);
			inputPaths = (
				"${PODS_PODFILE_DIR_PATH}/Podfile.lock",
				"${PODS_ROOT}/Manifest.lock",
			);
			name = "[CP] Check Pods Manifest.lock";
			outputFileListPaths = (
			);
			outputPaths = (
				"$(DERIVED_FILE_DIR)/Pods-YapChatProject-checkManifestLockResult.txt",
			);
			runOnlyForDeploymentPostprocessing = 0;
			shellPath = /bin/sh;
			shellScript = "diff \"${PODS_PODFILE_DIR_PATH}/Podfile.lock\" \"${PODS_ROOT}/Manifest.lock\" > /dev/null\nif [ $? != 0 ] ; then\n    # print error to STDERR\n    echo \"error: The sandbox is not in sync with the Podfile.lock. Run 'pod install' or update your CocoaPods installation.\" >&2\n    exit 1\nfi\n# This output is used by Xcode 'outputs' to avoid re-running this script phase.\necho \"SUCCESS\" > \"${SCRIPT_OUTPUT_FILE_0}\"\n";
			showEnvVarsInLog = 0;
		};
		7594071FA5DF2CF94794FCA2 /* [CP] Embed Pods Frameworks */ = {
			isa = PBXShellScriptBuildPhase;
			buildActionMask = 2147483647;
			files = (
			);
			inputFileListPaths = (
				"${PODS_ROOT}/Target Support Files/Pods-YapChatProject/Pods-YapChatProject-frameworks-${CONFIGURATION}-input-files.xcfilelist",
			);
			name = "[CP] Embed Pods Frameworks";
			outputFileListPaths = (
				"${PODS_ROOT}/Target Support Files/Pods-YapChatProject/Pods-YapChatProject-frameworks-${CONFIGURATION}-output-files.xcfilelist",
			);
			runOnlyForDeploymentPostprocessing = 0;
			shellPath = /bin/sh;
			shellScript = "\"${PODS_ROOT}/Target Support Files/Pods-YapChatProject/Pods-YapChatProject-frameworks.sh\"\n";
			showEnvVarsInLog = 0;
		};
/* End PBXShellScriptBuildPhase section */

/* Begin PBXSourcesBuildPhase section */
		E0EC490F28BF361D001361CF /* Sources */ = {
			isa = PBXSourcesBuildPhase;
			buildActionMask = 2147483647;
			files = (
				E0FE150428D79F7F00238E2D /* HttpResponse.swift in Sources */,
				E0AD305B28C142EB0046CA89 /* Chat.swift in Sources */,
				E0EC492128BF361D001361CF /* YapChatProject.xcdatamodeld in Sources */,
				E0AD1CF128D08D46001B6F6C /* DocumentUpload.swift in Sources */,
				E0EC493028BF3786001361CF /* User.swift in Sources */,
				E0AD305D28C1DB2E0046CA89 /* SwiftRViewController.swift in Sources */,
				E0EC493428BF37CB001361CF /* ServiceManager.swift in Sources */,
				E0EC493828BF37FA001361CF /* VisitorMessageDetails.swift in Sources */,
				E0EC491728BF361D001361CF /* AppDelegate.swift in Sources */,
				E0EC493228BF37AD001361CF /* UserMessage.swift in Sources */,
				E0EC493628BF37DE001361CF /* Enums.swift in Sources */,
				E0EC491928BF361D001361CF /* SceneDelegate.swift in Sources */,
			);
			runOnlyForDeploymentPostprocessing = 0;
		};
/* End PBXSourcesBuildPhase section */

/* Begin PBXVariantGroup section */
		E0EC491C28BF361D001361CF /* Main.storyboard */ = {
			isa = PBXVariantGroup;
			children = (
				E0EC491D28BF361D001361CF /* Base */,
			);
			name = Main.storyboard;
			sourceTree = "<group>";
		};
		E0EC492428BF3620001361CF /* LaunchScreen.storyboard */ = {
			isa = PBXVariantGroup;
			children = (
				E0EC492528BF3620001361CF /* Base */,
			);
			name = LaunchScreen.storyboard;
			sourceTree = "<group>";
		};
/* End PBXVariantGroup section */

/* Begin XCBuildConfiguration section */
		E0EC492828BF3620001361CF /* Debug */ = {
			isa = XCBuildConfiguration;
			buildSettings = {
				ALWAYS_SEARCH_USER_PATHS = NO;
				CLANG_ANALYZER_NONNULL = YES;
				CLANG_ANALYZER_NUMBER_OBJECT_CONVERSION = YES_AGGRESSIVE;
				CLANG_CXX_LANGUAGE_STANDARD = "gnu++17";
				CLANG_CXX_LIBRARY = "libc++";
				CLANG_ENABLE_MODULES = YES;
				CLANG_ENABLE_OBJC_ARC = YES;
				CLANG_ENABLE_OBJC_WEAK = YES;
				CLANG_WARN_BLOCK_CAPTURE_AUTORELEASING = YES;
				CLANG_WARN_BOOL_CONVERSION = YES;
				CLANG_WARN_COMMA = YES;
				CLANG_WARN_CONSTANT_CONVERSION = YES;
				CLANG_WARN_DEPRECATED_OBJC_IMPLEMENTATIONS = YES;
				CLANG_WARN_DIRECT_OBJC_ISA_USAGE = YES_ERROR;
				CLANG_WARN_DOCUMENTATION_COMMENTS = YES;
				CLANG_WARN_EMPTY_BODY = YES;
				CLANG_WARN_ENUM_CONVERSION = YES;
				CLANG_WARN_INFINITE_RECURSION = YES;
				CLANG_WARN_INT_CONVERSION = YES;
				CLANG_WARN_NON_LITERAL_NULL_CONVERSION = YES;
				CLANG_WARN_OBJC_IMPLICIT_RETAIN_SELF = YES;
				CLANG_WARN_OBJC_LITERAL_CONVERSION = YES;
				CLANG_WARN_OBJC_ROOT_CLASS = YES_ERROR;
				CLANG_WARN_QUOTED_INCLUDE_IN_FRAMEWORK_HEADER = YES;
				CLANG_WARN_RANGE_LOOP_ANALYSIS = YES;
				CLANG_WARN_STRICT_PROTOTYPES = YES;
				CLANG_WARN_SUSPICIOUS_MOVE = YES;
				CLANG_WARN_UNGUARDED_AVAILABILITY = YES_AGGRESSIVE;
				CLANG_WARN_UNREACHABLE_CODE = YES;
				CLANG_WARN__DUPLICATE_METHOD_MATCH = YES;
				COPY_PHASE_STRIP = NO;
				DEBUG_INFORMATION_FORMAT = dwarf;
				ENABLE_STRICT_OBJC_MSGSEND = YES;
				ENABLE_TESTABILITY = YES;
				GCC_C_LANGUAGE_STANDARD = gnu11;
				GCC_DYNAMIC_NO_PIC = NO;
				GCC_NO_COMMON_BLOCKS = YES;
				GCC_OPTIMIZATION_LEVEL = 0;
				GCC_PREPROCESSOR_DEFINITIONS = (
					"DEBUG=1",
					"$(inherited)",
				);
				GCC_WARN_64_TO_32_BIT_CONVERSION = YES;
				GCC_WARN_ABOUT_RETURN_TYPE = YES_ERROR;
				GCC_WARN_UNDECLARED_SELECTOR = YES;
				GCC_WARN_UNINITIALIZED_AUTOS = YES_AGGRESSIVE;
				GCC_WARN_UNUSED_FUNCTION = YES;
				GCC_WARN_UNUSED_VARIABLE = YES;
				IPHONEOS_DEPLOYMENT_TARGET = 15.0;
				MTL_ENABLE_DEBUG_INFO = INCLUDE_SOURCE;
				MTL_FAST_MATH = YES;
				ONLY_ACTIVE_ARCH = YES;
				SDKROOT = iphoneos;
				SWIFT_ACTIVE_COMPILATION_CONDITIONS = DEBUG;
				SWIFT_OPTIMIZATION_LEVEL = "-Onone";
			};
			name = Debug;
		};
		E0EC492928BF3620001361CF /* Release */ = {
			isa = XCBuildConfiguration;
			buildSettings = {
				ALWAYS_SEARCH_USER_PATHS = NO;
				CLANG_ANALYZER_NONNULL = YES;
				CLANG_ANALYZER_NUMBER_OBJECT_CONVERSION = YES_AGGRESSIVE;
				CLANG_CXX_LANGUAGE_STANDARD = "gnu++17";
				CLANG_CXX_LIBRARY = "libc++";
				CLANG_ENABLE_MODULES = YES;
				CLANG_ENABLE_OBJC_ARC = YES;
				CLANG_ENABLE_OBJC_WEAK = YES;
				CLANG_WARN_BLOCK_CAPTURE_AUTORELEASING = YES;
				CLANG_WARN_BOOL_CONVERSION = YES;
				CLANG_WARN_COMMA = YES;
				CLANG_WARN_CONSTANT_CONVERSION = YES;
				CLANG_WARN_DEPRECATED_OBJC_IMPLEMENTATIONS = YES;
				CLANG_WARN_DIRECT_OBJC_ISA_USAGE = YES_ERROR;
				CLANG_WARN_DOCUMENTATION_COMMENTS = YES;
				CLANG_WARN_EMPTY_BODY = YES;
				CLANG_WARN_ENUM_CONVERSION = YES;
				CLANG_WARN_INFINITE_RECURSION = YES;
				CLANG_WARN_INT_CONVERSION = YES;
				CLANG_WARN_NON_LITERAL_NULL_CONVERSION = YES;
				CLANG_WARN_OBJC_IMPLICIT_RETAIN_SELF = YES;
				CLANG_WARN_OBJC_LITERAL_CONVERSION = YES;
				CLANG_WARN_OBJC_ROOT_CLASS = YES_ERROR;
				CLANG_WARN_QUOTED_INCLUDE_IN_FRAMEWORK_HEADER = YES;
				CLANG_WARN_RANGE_LOOP_ANALYSIS = YES;
				CLANG_WARN_STRICT_PROTOTYPES = YES;
				CLANG_WARN_SUSPICIOUS_MOVE = YES;
				CLANG_WARN_UNGUARDED_AVAILABILITY = YES_AGGRESSIVE;
				CLANG_WARN_UNREACHABLE_CODE = YES;
				CLANG_WARN__DUPLICATE_METHOD_MATCH = YES;
				COPY_PHASE_STRIP = NO;
				DEBUG_INFORMATION_FORMAT = "dwarf-with-dsym";
				ENABLE_NS_ASSERTIONS = NO;
				ENABLE_STRICT_OBJC_MSGSEND = YES;
				GCC_C_LANGUAGE_STANDARD = gnu11;
				GCC_NO_COMMON_BLOCKS = YES;
				GCC_WARN_64_TO_32_BIT_CONVERSION = YES;
				GCC_WARN_ABOUT_RETURN_TYPE = YES_ERROR;
				GCC_WARN_UNDECLARED_SELECTOR = YES;
				GCC_WARN_UNINITIALIZED_AUTOS = YES_AGGRESSIVE;
				GCC_WARN_UNUSED_FUNCTION = YES;
				GCC_WARN_UNUSED_VARIABLE = YES;
				IPHONEOS_DEPLOYMENT_TARGET = 15.0;
				MTL_ENABLE_DEBUG_INFO = NO;
				MTL_FAST_MATH = YES;
				SDKROOT = iphoneos;
				SWIFT_COMPILATION_MODE = wholemodule;
				SWIFT_OPTIMIZATION_LEVEL = "-O";
				VALIDATE_PRODUCT = YES;
			};
			name = Release;
		};
		E0EC492B28BF3620001361CF /* Debug */ = {
			isa = XCBuildConfiguration;
			baseConfigurationReference = 4EF8751179DC039ADC65844E /* Pods-YapChatProject.debug.xcconfig */;
			buildSettings = {
				ASSETCATALOG_COMPILER_APPICON_NAME = AppIcon;
				ASSETCATALOG_COMPILER_GLOBAL_ACCENT_COLOR_NAME = AccentColor;
				CODE_SIGN_ENTITLEMENTS = YapChatProject/YapChatProject.entitlements;
				CODE_SIGN_STYLE = Automatic;
				CURRENT_PROJECT_VERSION = 1;
				DEVELOPMENT_TEAM = DU9WCKZ2TC;
				GENERATE_INFOPLIST_FILE = YES;
				INFOPLIST_FILE = YapChatProject/Info.plist;
				INFOPLIST_KEY_NSCameraUsageDescription = "";
				INFOPLIST_KEY_NSPhotoLibraryUsageDescription = "Please allow Access";
				INFOPLIST_KEY_UIApplicationSupportsIndirectInputEvents = YES;
				INFOPLIST_KEY_UILaunchStoryboardName = LaunchScreen;
				INFOPLIST_KEY_UIMainStoryboardFile = Main;
				INFOPLIST_KEY_UISupportedInterfaceOrientations_iPad = "UIInterfaceOrientationPortrait UIInterfaceOrientationPortraitUpsideDown UIInterfaceOrientationLandscapeLeft UIInterfaceOrientationLandscapeRight";
				INFOPLIST_KEY_UISupportedInterfaceOrientations_iPhone = "UIInterfaceOrientationPortrait UIInterfaceOrientationLandscapeLeft UIInterfaceOrientationLandscapeRight";
				LD_RUNPATH_SEARCH_PATHS = (
					"$(inherited)",
					"@executable_path/Frameworks",
				);
				MARKETING_VERSION = 1.0;
				PRODUCT_BUNDLE_IDENTIFIER = com.ahmed.YapChatProjectss;
				PRODUCT_NAME = "$(TARGET_NAME)";
				SWIFT_EMIT_LOC_STRINGS = YES;
				SWIFT_VERSION = 5.0;
				TARGETED_DEVICE_FAMILY = "1,2";
			};
			name = Debug;
		};
		E0EC492C28BF3620001361CF /* Release */ = {
			isa = XCBuildConfiguration;
			baseConfigurationReference = 4BC247BA93D63CE703471451 /* Pods-YapChatProject.release.xcconfig */;
			buildSettings = {
				ASSETCATALOG_COMPILER_APPICON_NAME = AppIcon;
				ASSETCATALOG_COMPILER_GLOBAL_ACCENT_COLOR_NAME = AccentColor;
				CODE_SIGN_ENTITLEMENTS = YapChatProject/YapChatProject.entitlements;
				CODE_SIGN_STYLE = Automatic;
				CURRENT_PROJECT_VERSION = 1;
				DEVELOPMENT_TEAM = DU9WCKZ2TC;
				GENERATE_INFOPLIST_FILE = YES;
				INFOPLIST_FILE = YapChatProject/Info.plist;
				INFOPLIST_KEY_NSCameraUsageDescription = "";
				INFOPLIST_KEY_NSPhotoLibraryUsageDescription = "Please allow Access";
				INFOPLIST_KEY_UIApplicationSupportsIndirectInputEvents = YES;
				INFOPLIST_KEY_UILaunchStoryboardName = LaunchScreen;
				INFOPLIST_KEY_UIMainStoryboardFile = Main;
				INFOPLIST_KEY_UISupportedInterfaceOrientations_iPad = "UIInterfaceOrientationPortrait UIInterfaceOrientationPortraitUpsideDown UIInterfaceOrientationLandscapeLeft UIInterfaceOrientationLandscapeRight";
				INFOPLIST_KEY_UISupportedInterfaceOrientations_iPhone = "UIInterfaceOrientationPortrait UIInterfaceOrientationLandscapeLeft UIInterfaceOrientationLandscapeRight";
				LD_RUNPATH_SEARCH_PATHS = (
					"$(inherited)",
					"@executable_path/Frameworks",
				);
				MARKETING_VERSION = 1.0;
				PRODUCT_BUNDLE_IDENTIFIER = com.ahmed.YapChatProjectss;
				PRODUCT_NAME = "$(TARGET_NAME)";
				SWIFT_EMIT_LOC_STRINGS = YES;
				SWIFT_VERSION = 5.0;
				TARGETED_DEVICE_FAMILY = "1,2";
			};
			name = Release;
		};
/* End XCBuildConfiguration section */

/* Begin XCConfigurationList section */
		E0EC490E28BF361D001361CF /* Build configuration list for PBXProject "YapChatProject" */ = {
			isa = XCConfigurationList;
			buildConfigurations = (
				E0EC492828BF3620001361CF /* Debug */,
				E0EC492928BF3620001361CF /* Release */,
			);
			defaultConfigurationIsVisible = 0;
			defaultConfigurationName = Release;
		};
		E0EC492A28BF3620001361CF /* Build configuration list for PBXNativeTarget "YapChatProject" */ = {
			isa = XCConfigurationList;
			buildConfigurations = (
				E0EC492B28BF3620001361CF /* Debug */,
				E0EC492C28BF3620001361CF /* Release */,
			);
			defaultConfigurationIsVisible = 0;
			defaultConfigurationName = Release;
		};
/* End XCConfigurationList section */

/* Begin XCVersionGroup section */
		E0EC491F28BF361D001361CF /* YapChatProject.xcdatamodeld */ = {
			isa = XCVersionGroup;
			children = (
				E0EC492028BF361D001361CF /* YapChatProject.xcdatamodel */,
			);
			currentVersion = E0EC492028BF361D001361CF /* YapChatProject.xcdatamodel */;
			path = YapChatProject.xcdatamodeld;
			sourceTree = "<group>";
			versionGroupType = wrapper.xcdatamodel;
		};
/* End XCVersionGroup section */
	};
	rootObject = E0EC490B28BF361D001361CF /* Project object */;
}
